
Microsoft Visual Studio Solution File, Format Version 12.00
# Visual Studio Version 17
VisualStudioVersion = 17.14.36127.28 d17.14
MinimumVisualStudioVersion = 10.0.40219.1
Project("{2150E333-8FDC-42A3-9474-1A3956D46DE8}") = "Solution Items", "Solution Items", "{CFABAD2C-77C0-4A18-8FE4-15C23DD595CF}"
	ProjectSection(SolutionItems) = preProject
		.gitignore = .gitignore
		Build\Build.Configuration.cs = Build\Build.Configuration.cs
		Changelog.md = Changelog.md
		Readme.md = Readme.md
	EndProjectSection
EndProject
Project("{2150E333-8FDC-42A3-9474-1A3956D46DE8}") = "Automation", "Automation", "{C364AC74-B65F-4ADF-BA5B-B722BEFB6630}"
EndProject
Project("{FAE04EC0-301F-11D3-BF4B-00C04F79EFBC}") = "Build", "build\Build.csproj", "{92384D85-D5A2-4854-9DD5-5A160EE57709}"
EndProject
Project("{FAE04EC0-301F-11D3-BF4B-00C04F79EFBC}") = "Installer", "install\Installer.csproj", "{DD734D3A-752F-4BC1-BE5C-53956E786973}"
EndProject
Project("{FAE04EC0-301F-11D3-BF4B-00C04F79EFBC}") = "AddinLoader", "source\AddinLoader\AddinLoader.csproj", "{BCD6B795-024E-4423-A22D-2504AEFEA7E5}"
EndProject
Project("{FAE04EC0-301F-11D3-BF4B-00C04F79EFBC}") = "TypeRenamer", "source\TypeRenamer\TypeRenamer.csproj", "{5033C2B3-AA2B-49C8-A4A3-5E007E4063BC}"
EndProject
Global
	GlobalSection(SolutionConfigurationPlatforms) = preSolution
		Debug R21|Any CPU = Debug R21|Any CPU
		Debug R22|Any CPU = Debug R22|Any CPU
		Debug R23|Any CPU = Debug R23|Any CPU
		Debug R24|Any CPU = Debug R24|Any CPU
		Debug R25|Any CPU = Debug R25|Any CPU
		Debug R26|Any CPU = Debug R26|Any CPU
		Debug|Any CPU = Debug|Any CPU
		Release R21|Any CPU = Release R21|Any CPU
		Release R22|Any CPU = Release R22|Any CPU
		Release R23|Any CPU = Release R23|Any CPU
		Release R24|Any CPU = Release R24|Any CPU
		Release R25|Any CPU = Release R25|Any CPU
		Release R26|Any CPU = Release R26|Any CPU
		Release|Any CPU = Release|Any CPU
	EndGlobalSection
	GlobalSection(ProjectConfigurationPlatforms) = postSolution
		{92384D85-D5A2-4854-9DD5-5A160EE57709}.Debug R21|Any CPU.ActiveCfg = Debug|Any CPU
		{92384D85-D5A2-4854-9DD5-5A160EE57709}.Debug R22|Any CPU.ActiveCfg = Debug|Any CPU
		{92384D85-D5A2-4854-9DD5-5A160EE57709}.Debug R23|Any CPU.ActiveCfg = Debug|Any CPU
		{92384D85-D5A2-4854-9DD5-5A160EE57709}.Debug R24|Any CPU.ActiveCfg = Debug|Any CPU
		{92384D85-D5A2-4854-9DD5-5A160EE57709}.Debug R25|Any CPU.ActiveCfg = Debug|Any CPU
		{92384D85-D5A2-4854-9DD5-5A160EE57709}.Debug R26|Any CPU.ActiveCfg = Debug|Any CPU
		{92384D85-D5A2-4854-9DD5-5A160EE57709}.Debug|Any CPU.ActiveCfg = Debug|Any CPU
		{92384D85-D5A2-4854-9DD5-5A160EE57709}.Debug|Any CPU.Build.0 = Debug|Any CPU
		{92384D85-D5A2-4854-9DD5-5A160EE57709}.Release R21|Any CPU.ActiveCfg = Release|Any CPU
		{92384D85-D5A2-4854-9DD5-5A160EE57709}.Release R22|Any CPU.ActiveCfg = Release|Any CPU
		{92384D85-D5A2-4854-9DD5-5A160EE57709}.Release R23|Any CPU.ActiveCfg = Release|Any CPU
		{92384D85-D5A2-4854-9DD5-5A160EE57709}.Release R24|Any CPU.ActiveCfg = Release|Any CPU
		{92384D85-D5A2-4854-9DD5-5A160EE57709}.Release R25|Any CPU.ActiveCfg = Release|Any CPU
		{92384D85-D5A2-4854-9DD5-5A160EE57709}.Release R26|Any CPU.ActiveCfg = Release|Any CPU
		{92384D85-D5A2-4854-9DD5-5A160EE57709}.Release|Any CPU.ActiveCfg = Release|Any CPU
		{92384D85-D5A2-4854-9DD5-5A160EE57709}.Release|Any CPU.Build.0 = Release|Any CPU
		{DD734D3A-752F-4BC1-BE5C-53956E786973}.Debug R21|Any CPU.ActiveCfg = Debug|Any CPU
		{DD734D3A-752F-4BC1-BE5C-53956E786973}.Debug R22|Any CPU.ActiveCfg = Debug|Any CPU
		{DD734D3A-752F-4BC1-BE5C-53956E786973}.Debug R23|Any CPU.ActiveCfg = Debug|Any CPU
		{DD734D3A-752F-4BC1-BE5C-53956E786973}.Debug R24|Any CPU.ActiveCfg = Debug|Any CPU
		{DD734D3A-752F-4BC1-BE5C-53956E786973}.Debug R25|Any CPU.ActiveCfg = Debug|Any CPU
		{DD734D3A-752F-4BC1-BE5C-53956E786973}.Debug R26|Any CPU.ActiveCfg = Debug|Any CPU
		{DD734D3A-752F-4BC1-BE5C-53956E786973}.Debug|Any CPU.ActiveCfg = Debug|Any CPU
		{DD734D3A-752F-4BC1-BE5C-53956E786973}.Debug|Any CPU.Build.0 = Debug|Any CPU
		{DD734D3A-752F-4BC1-BE5C-53956E786973}.Release R21|Any CPU.ActiveCfg = Release|Any CPU
		{DD734D3A-752F-4BC1-BE5C-53956E786973}.Release R22|Any CPU.ActiveCfg = Release|Any CPU
		{DD734D3A-752F-4BC1-BE5C-53956E786973}.Release R23|Any CPU.ActiveCfg = Release|Any CPU
		{DD734D3A-752F-4BC1-BE5C-53956E786973}.Release R24|Any CPU.ActiveCfg = Release|Any CPU
		{DD734D3A-752F-4BC1-BE5C-53956E786973}.Release R25|Any CPU.ActiveCfg = Release|Any CPU
		{DD734D3A-752F-4BC1-BE5C-53956E786973}.Release R26|Any CPU.ActiveCfg = Release|Any CPU
		{DD734D3A-752F-4BC1-BE5C-53956E786973}.Release|Any CPU.ActiveCfg = Release|Any CPU
		{DD734D3A-752F-4BC1-BE5C-53956E786973}.Release|Any CPU.Build.0 = Release|Any CPU
		{BCD6B795-024E-4423-A22D-2504AEFEA7E5}.Debug R21|Any CPU.ActiveCfg = Debug R21|Any CPU
		{BCD6B795-024E-4423-A22D-2504AEFEA7E5}.Debug R21|Any CPU.Build.0 = Debug R21|Any CPU
		{BCD6B795-024E-4423-A22D-2504AEFEA7E5}.Debug R22|Any CPU.ActiveCfg = Debug R22|Any CPU
		{BCD6B795-024E-4423-A22D-2504AEFEA7E5}.Debug R22|Any CPU.Build.0 = Debug R22|Any CPU
		{BCD6B795-024E-4423-A22D-2504AEFEA7E5}.Debug R23|Any CPU.ActiveCfg = Debug R23|Any CPU
		{BCD6B795-024E-4423-A22D-2504AEFEA7E5}.Debug R23|Any CPU.Build.0 = Debug R23|Any CPU
		{BCD6B795-024E-4423-A22D-2504AEFEA7E5}.Debug R24|Any CPU.ActiveCfg = Debug R24|Any CPU
		{BCD6B795-024E-4423-A22D-2504AEFEA7E5}.Debug R24|Any CPU.Build.0 = Debug R24|Any CPU
		{BCD6B795-024E-4423-A22D-2504AEFEA7E5}.Debug R25|Any CPU.ActiveCfg = Debug R25|Any CPU
		{BCD6B795-024E-4423-A22D-2504AEFEA7E5}.Debug R25|Any CPU.Build.0 = Debug R25|Any CPU
		{BCD6B795-024E-4423-A22D-2504AEFEA7E5}.Debug R26|Any CPU.ActiveCfg = Debug R26|Any CPU
		{BCD6B795-024E-4423-A22D-2504AEFEA7E5}.Debug R26|Any CPU.Build.0 = Debug R26|Any CPU
		{BCD6B795-024E-4423-A22D-2504AEFEA7E5}.Debug|Any CPU.ActiveCfg = Debug R21|Any CPU
		{BCD6B795-024E-4423-A22D-2504AEFEA7E5}.Debug|Any CPU.Build.0 = Debug R21|Any CPU
		{BCD6B795-024E-4423-A22D-2504AEFEA7E5}.Release R21|Any CPU.ActiveCfg = Release R21|Any CPU
		{BCD6B795-024E-4423-A22D-2504AEFEA7E5}.Release R21|Any CPU.Build.0 = Release R21|Any CPU
		{BCD6B795-024E-4423-A22D-2504AEFEA7E5}.Release R22|Any CPU.ActiveCfg = Release R22|Any CPU
		{BCD6B795-024E-4423-A22D-2504AEFEA7E5}.Release R22|Any CPU.Build.0 = Release R22|Any CPU
		{BCD6B795-024E-4423-A22D-2504AEFEA7E5}.Release R23|Any CPU.ActiveCfg = Release R23|Any CPU
		{BCD6B795-024E-4423-A22D-2504AEFEA7E5}.Release R23|Any CPU.Build.0 = Release R23|Any CPU
		{BCD6B795-024E-4423-A22D-2504AEFEA7E5}.Release R24|Any CPU.ActiveCfg = Release R24|Any CPU
		{BCD6B795-024E-4423-A22D-2504AEFEA7E5}.Release R24|Any CPU.Build.0 = Release R24|Any CPU
		{BCD6B795-024E-4423-A22D-2504AEFEA7E5}.Release R25|Any CPU.ActiveCfg = Release R25|Any CPU
		{BCD6B795-024E-4423-A22D-2504AEFEA7E5}.Release R25|Any CPU.Build.0 = Release R25|Any CPU
		{BCD6B795-024E-4423-A22D-2504AEFEA7E5}.Release R26|Any CPU.ActiveCfg = Release R26|Any CPU
		{BCD6B795-024E-4423-A22D-2504AEFEA7E5}.Release R26|Any CPU.Build.0 = Release R26|Any CPU
		{BCD6B795-024E-4423-A22D-2504AEFEA7E5}.Release|Any CPU.ActiveCfg = Release R21|Any CPU
		{BCD6B795-024E-4423-A22D-2504AEFEA7E5}.Release|Any CPU.Build.0 = Release R21|Any CPU
		{5033C2B3-AA2B-49C8-A4A3-5E007E4063BC}.Debug R21|Any CPU.ActiveCfg = Debug R21|Any CPU
		{5033C2B3-AA2B-49C8-A4A3-5E007E4063BC}.Debug R21|Any CPU.Build.0 = Debug R21|Any CPU
		{5033C2B3-AA2B-49C8-A4A3-5E007E4063BC}.Debug R22|Any CPU.ActiveCfg = Debug R22|Any CPU
		{5033C2B3-AA2B-49C8-A4A3-5E007E4063BC}.Debug R22|Any CPU.Build.0 = Debug R22|Any CPU
		{5033C2B3-AA2B-49C8-A4A3-5E007E4063BC}.Debug R23|Any CPU.ActiveCfg = Debug R23|Any CPU
		{5033C2B3-AA2B-49C8-A4A3-5E007E4063BC}.Debug R23|Any CPU.Build.0 = Debug R23|Any CPU
		{5033C2B3-AA2B-49C8-A4A3-5E007E4063BC}.Debug R24|Any CPU.ActiveCfg = Debug R24|Any CPU
		{5033C2B3-AA2B-49C8-A4A3-5E007E4063BC}.Debug R24|Any CPU.Build.0 = Debug R24|Any CPU
		{5033C2B3-AA2B-49C8-A4A3-5E007E4063BC}.Debug R25|Any CPU.ActiveCfg = Debug R25|Any CPU
		{5033C2B3-AA2B-49C8-A4A3-5E007E4063BC}.Debug R25|Any CPU.Build.0 = Debug R25|Any CPU
		{5033C2B3-AA2B-49C8-A4A3-5E007E4063BC}.Debug R26|Any CPU.ActiveCfg = Debug R26|Any CPU
		{5033C2B3-AA2B-49C8-A4A3-5E007E4063BC}.Debug R26|Any CPU.Build.0 = Debug R26|Any CPU
		{5033C2B3-AA2B-49C8-A4A3-5E007E4063BC}.Debug|Any CPU.ActiveCfg = Debug R21|Any CPU
		{5033C2B3-AA2B-49C8-A4A3-5E007E4063BC}.Debug|Any CPU.Build.0 = Debug R21|Any CPU
		{5033C2B3-AA2B-49C8-A4A3-5E007E4063BC}.Release R21|Any CPU.ActiveCfg = Release R21|Any CPU
		{5033C2B3-AA2B-49C8-A4A3-5E007E4063BC}.Release R21|Any CPU.Build.0 = Release R21|Any CPU
		{5033C2B3-AA2B-49C8-A4A3-5E007E4063BC}.Release R22|Any CPU.ActiveCfg = Release R22|Any CPU
		{5033C2B3-AA2B-49C8-A4A3-5E007E4063BC}.Release R22|Any CPU.Build.0 = Release R22|Any CPU
		{5033C2B3-AA2B-49C8-A4A3-5E007E4063BC}.Release R23|Any CPU.ActiveCfg = Release R23|Any CPU
		{5033C2B3-AA2B-49C8-A4A3-5E007E4063BC}.Release R23|Any CPU.Build.0 = Release R23|Any CPU
		{5033C2B3-AA2B-49C8-A4A3-5E007E4063BC}.Release R24|Any CPU.ActiveCfg = Release R24|Any CPU
		{5033C2B3-AA2B-49C8-A4A3-5E007E4063BC}.Release R24|Any CPU.Build.0 = Release R24|Any CPU
		{5033C2B3-AA2B-49C8-A4A3-5E007E4063BC}.Release R25|Any CPU.ActiveCfg = Release R25|Any CPU
		{5033C2B3-AA2B-49C8-A4A3-5E007E4063BC}.Release R25|Any CPU.Build.0 = Release R25|Any CPU
		{5033C2B3-AA2B-49C8-A4A3-5E007E4063BC}.Release R26|Any CPU.ActiveCfg = Release R26|Any CPU
		{5033C2B3-AA2B-49C8-A4A3-5E007E4063BC}.Release R26|Any CPU.Build.0 = Release R26|Any CPU
		{5033C2B3-AA2B-49C8-A4A3-5E007E4063BC}.Release|Any CPU.ActiveCfg = Release R21|Any CPU
		{5033C2B3-AA2B-49C8-A4A3-5E007E4063BC}.Release|Any CPU.Build.0 = Release R21|Any CPU
	EndGlobalSection
	GlobalSection(SolutionProperties) = preSolution
		HideSolutionNode = FALSE
	EndGlobalSection
	GlobalSection(NestedProjects) = preSolution
		{92384D85-D5A2-4854-9DD5-5A160EE57709} = {C364AC74-B65F-4ADF-BA5B-B722BEFB6630}
		{DD734D3A-752F-4BC1-BE5C-53956E786973} = {C364AC74-B65F-4ADF-BA5B-B722BEFB6630}
		{BCD6B795-024E-4423-A22D-2504AEFEA7E5} = {C364AC74-B65F-4ADF-BA5B-B722BEFB6630}
	EndGlobalSection
	GlobalSection(ExtensibilityGlobals) = postSolution
		SolutionGuid = {B4E922EE-0A2A-4AF5-A1FB-ACCDD1E4D5E7}
	EndGlobalSection
EndGlobal
