
Microsoft Visual Studio Solution File, Format Version 12.00
# Visual Studio Version 17
VisualStudioVersion = 17.14.36127.28
MinimumVisualStudioVersion = 10.0.40219.1
Project("{2150E333-8FDC-42A3-9474-1A3956D46DE8}") = "Solution Items", "Solution Items", "{CFABAD2C-77C0-4A18-8FE4-15C23DD595CF}"
	ProjectSection(SolutionItems) = preProject
		.editorconfig = .editorconfig
		.gitignore = .gitignore
		Build\Build.Configuration.cs = Build\Build.Configuration.cs
		Changelog.md = Changelog.md
		nuke_readme.md = nuke_readme.md
		readme.md = readme.md
	EndProjectSection
EndProject
Project("{2150E333-8FDC-42A3-9474-1A3956D46DE8}") = "Automation", "Automation", "{C364AC74-B65F-4ADF-BA5B-B722BEFB6630}"
EndProject
Project("{FAE04EC0-301F-11D3-BF4B-00C04F79EFBC}") = "Build", "build\Build.csproj", "{92384D85-D5A2-4854-9DD5-5A160EE57709}"
EndProject
Project("{FAE04EC0-301F-11D3-BF4B-00C04F79EFBC}") = "Installer", "install\Installer.csproj", "{DD734D3A-752F-4BC1-BE5C-53956E786973}"
EndProject
Project("{FAE04EC0-301F-11D3-BF4B-00C04F79EFBC}") = "AddinLoader", "source\AddinLoader\AddinLoader.csproj", "{BCD6B795-024E-4423-A22D-2504AEFEA7E5}"
EndProject
Project("{FAE04EC0-301F-11D3-BF4B-00C04F79EFBC}") = "TypeRenamer", "source\TypeRenamer\TypeRenamer.csproj", "{5033C2B3-AA2B-49C8-A4A3-5E007E4063BC}"
EndProject
Project("{FAE04EC0-301F-11D3-BF4B-00C04F79EFBC}") = "FixElementConstraints", "source\FixElementConstraints\FixElementConstraints.csproj", "{E6750B21-6CEA-46B9-B500-AD345AB37C2A}"
EndProject
Project("{FAE04EC0-301F-11D3-BF4B-00C04F79EFBC}") = "Utilities", "source\Utilities\Utilities.csproj", "{7F1D6E59-7AE1-45DC-BB3F-E1557270C2AA}"
EndProject
Project("{FAE04EC0-301F-11D3-BF4B-00C04F79EFBC}") = "ReValue", "source\ReValue\ReValue.csproj", "{8C24C945-F0EF-4908-BDB4-B9B6671DB9F1}"
EndProject
Project("{FAE04EC0-301F-11D3-BF4B-00C04F79EFBC}") = "ElementViewRange", "source\ElementViewRange\ElementViewRange.csproj", "{4849ADF4-C23C-42C2-9BBA-F2A041FF4AFC}"
EndProject
Project("{FAE04EC0-301F-11D3-BF4B-00C04F79EFBC}") = "OrientBoxToFace", "source\OrientBoxToFace\OrientBoxToFace.csproj", "{864745AB-EFDB-4643-B748-B6BAA74BF77E}"
EndProject
Project("{FAE04EC0-301F-11D3-BF4B-00C04F79EFBC}") = "PointCloudNormals", "source\PointCloudNormals\PointCloudNormals.csproj", "{BCE6FB71-47F9-42EB-9B4A-ACC3E9E3FA3C}"
EndProject
Project("{FAE04EC0-301F-11D3-BF4B-00C04F79EFBC}") = "TogglePointCloud", "source\TogglePointCloud\TogglePointCloud.csproj", "{8A2971F7-66F7-412D-9152-D4D0C3E94F70}"
EndProject
Project("{FAE04EC0-301F-11D3-BF4B-00C04F79EFBC}") = "CADDetective", "source\CADDetective\CADDetective.csproj", "{66F064BC-7A04-450B-BEB0-EE2D774F50BE}"
EndProject
Project("{FAE04EC0-301F-11D3-BF4B-00C04F79EFBC}") = "CropReg", "source\CropReg\CropReg.csproj", "{A387E22D-5574-49A1-BB7F-4C94DC180028}"
EndProject
Project("{FAE04EC0-301F-11D3-BF4B-00C04F79EFBC}") = "FindSchedsLegends", "source\FindSchedsLegends\FindSchedsLegends.csproj", "{52CCCACC-8AF0-4CEF-AD7C-C66079E4171E}"
EndProject
Project("{FAE04EC0-301F-11D3-BF4B-00C04F79EFBC}") = "SetByIndex", "source\SetByIndex\SetByIndex.csproj", "{B31DD861-E007-43A1-9DF5-CAA0F253CF81}"
EndProject
Project("{FAE04EC0-301F-11D3-BF4B-00C04F79EFBC}") = "Toolbox", "source\Toolbox\Toolbox.csproj", "{FA79180B-6D92-4DB3-BA4D-28B90A3E5731}"
EndProject
Project("{FAE04EC0-301F-11D3-BF4B-00C04F79EFBC}") = "MatchGridExtents", "source\MatchGridExtents\MatchGridExtents.csproj", "{ECDA1ABF-82EF-4A3A-9CD0-A0AE38390E89}"
EndProject
Project("{FAE04EC0-301F-11D3-BF4B-00C04F79EFBC}") = "SmartGridBubbles", "source\SmartGridBubbles\SmartGridBubbles.csproj", "{69525889-E314-470F-899A-F20E5BB88B2A}"
EndProject
Project("{FAE04EC0-301F-11D3-BF4B-00C04F79EFBC}") = "AutoDimGrids", "source\AutoDimGrids\AutoDimGrids.csproj", "{0BA8F7A4-DE98-45A3-AB97-1F6DCD057747}"
EndProject
Global
	GlobalSection(SolutionConfigurationPlatforms) = preSolution
		Debug R21|Any CPU = Debug R21|Any CPU
		Debug R22|Any CPU = Debug R22|Any CPU
		Debug R23|Any CPU = Debug R23|Any CPU
		Debug R24|Any CPU = Debug R24|Any CPU
		Debug R25|Any CPU = Debug R25|Any CPU
		Debug R26|Any CPU = Debug R26|Any CPU
		Debug|Any CPU = Debug|Any CPU
		Release R21|Any CPU = Release R21|Any CPU
		Release R22|Any CPU = Release R22|Any CPU
		Release R23|Any CPU = Release R23|Any CPU
		Release R24|Any CPU = Release R24|Any CPU
		Release R25|Any CPU = Release R25|Any CPU
		Release R26|Any CPU = Release R26|Any CPU
		Release|Any CPU = Release|Any CPU
	EndGlobalSection
	GlobalSection(ProjectConfigurationPlatforms) = postSolution
		{92384D85-D5A2-4854-9DD5-5A160EE57709}.Debug R21|Any CPU.ActiveCfg = Debug|Any CPU
		{92384D85-D5A2-4854-9DD5-5A160EE57709}.Debug R22|Any CPU.ActiveCfg = Debug|Any CPU
		{92384D85-D5A2-4854-9DD5-5A160EE57709}.Debug R23|Any CPU.ActiveCfg = Debug|Any CPU
		{92384D85-D5A2-4854-9DD5-5A160EE57709}.Debug R24|Any CPU.ActiveCfg = Debug|Any CPU
		{92384D85-D5A2-4854-9DD5-5A160EE57709}.Debug R25|Any CPU.ActiveCfg = Debug|Any CPU
		{92384D85-D5A2-4854-9DD5-5A160EE57709}.Debug R26|Any CPU.ActiveCfg = Debug|Any CPU
		{92384D85-D5A2-4854-9DD5-5A160EE57709}.Debug|Any CPU.ActiveCfg = Debug|Any CPU
		{92384D85-D5A2-4854-9DD5-5A160EE57709}.Release R21|Any CPU.ActiveCfg = Release|Any CPU
		{92384D85-D5A2-4854-9DD5-5A160EE57709}.Release R22|Any CPU.ActiveCfg = Release|Any CPU
		{92384D85-D5A2-4854-9DD5-5A160EE57709}.Release R23|Any CPU.ActiveCfg = Release|Any CPU
		{92384D85-D5A2-4854-9DD5-5A160EE57709}.Release R24|Any CPU.ActiveCfg = Release|Any CPU
		{92384D85-D5A2-4854-9DD5-5A160EE57709}.Release R25|Any CPU.ActiveCfg = Release|Any CPU
		{92384D85-D5A2-4854-9DD5-5A160EE57709}.Release R26|Any CPU.ActiveCfg = Release|Any CPU
		{92384D85-D5A2-4854-9DD5-5A160EE57709}.Release|Any CPU.ActiveCfg = Release|Any CPU
		{DD734D3A-752F-4BC1-BE5C-53956E786973}.Debug R21|Any CPU.ActiveCfg = Debug|Any CPU
		{DD734D3A-752F-4BC1-BE5C-53956E786973}.Debug R22|Any CPU.ActiveCfg = Debug|Any CPU
		{DD734D3A-752F-4BC1-BE5C-53956E786973}.Debug R23|Any CPU.ActiveCfg = Debug|Any CPU
		{DD734D3A-752F-4BC1-BE5C-53956E786973}.Debug R24|Any CPU.ActiveCfg = Debug|Any CPU
		{DD734D3A-752F-4BC1-BE5C-53956E786973}.Debug R25|Any CPU.ActiveCfg = Debug|Any CPU
		{DD734D3A-752F-4BC1-BE5C-53956E786973}.Debug R26|Any CPU.ActiveCfg = Debug|Any CPU
		{DD734D3A-752F-4BC1-BE5C-53956E786973}.Debug|Any CPU.ActiveCfg = Debug|Any CPU
		{DD734D3A-752F-4BC1-BE5C-53956E786973}.Debug|Any CPU.Build.0 = Debug|Any CPU
		{DD734D3A-752F-4BC1-BE5C-53956E786973}.Release R21|Any CPU.ActiveCfg = Release|Any CPU
		{DD734D3A-752F-4BC1-BE5C-53956E786973}.Release R22|Any CPU.ActiveCfg = Release|Any CPU
		{DD734D3A-752F-4BC1-BE5C-53956E786973}.Release R23|Any CPU.ActiveCfg = Release|Any CPU
		{DD734D3A-752F-4BC1-BE5C-53956E786973}.Release R24|Any CPU.ActiveCfg = Release|Any CPU
		{DD734D3A-752F-4BC1-BE5C-53956E786973}.Release R25|Any CPU.ActiveCfg = Release|Any CPU
		{DD734D3A-752F-4BC1-BE5C-53956E786973}.Release R26|Any CPU.ActiveCfg = Release|Any CPU
		{DD734D3A-752F-4BC1-BE5C-53956E786973}.Release|Any CPU.ActiveCfg = Release|Any CPU
		{DD734D3A-752F-4BC1-BE5C-53956E786973}.Release|Any CPU.Build.0 = Release|Any CPU
		{BCD6B795-024E-4423-A22D-2504AEFEA7E5}.Debug R21|Any CPU.ActiveCfg = Debug R21|Any CPU
		{BCD6B795-024E-4423-A22D-2504AEFEA7E5}.Debug R21|Any CPU.Build.0 = Debug R21|Any CPU
		{BCD6B795-024E-4423-A22D-2504AEFEA7E5}.Debug R22|Any CPU.ActiveCfg = Debug R22|Any CPU
		{BCD6B795-024E-4423-A22D-2504AEFEA7E5}.Debug R22|Any CPU.Build.0 = Debug R22|Any CPU
		{BCD6B795-024E-4423-A22D-2504AEFEA7E5}.Debug R23|Any CPU.ActiveCfg = Debug R23|Any CPU
		{BCD6B795-024E-4423-A22D-2504AEFEA7E5}.Debug R23|Any CPU.Build.0 = Debug R23|Any CPU
		{BCD6B795-024E-4423-A22D-2504AEFEA7E5}.Debug R24|Any CPU.ActiveCfg = Debug R24|Any CPU
		{BCD6B795-024E-4423-A22D-2504AEFEA7E5}.Debug R24|Any CPU.Build.0 = Debug R24|Any CPU
		{BCD6B795-024E-4423-A22D-2504AEFEA7E5}.Debug R25|Any CPU.ActiveCfg = Debug R25|Any CPU
		{BCD6B795-024E-4423-A22D-2504AEFEA7E5}.Debug R25|Any CPU.Build.0 = Debug R25|Any CPU
		{BCD6B795-024E-4423-A22D-2504AEFEA7E5}.Debug R26|Any CPU.ActiveCfg = Debug R26|Any CPU
		{BCD6B795-024E-4423-A22D-2504AEFEA7E5}.Debug R26|Any CPU.Build.0 = Debug R26|Any CPU
		{BCD6B795-024E-4423-A22D-2504AEFEA7E5}.Debug|Any CPU.ActiveCfg = Debug R21|Any CPU
		{BCD6B795-024E-4423-A22D-2504AEFEA7E5}.Debug|Any CPU.Build.0 = Debug R21|Any CPU
		{BCD6B795-024E-4423-A22D-2504AEFEA7E5}.Release R21|Any CPU.ActiveCfg = Release R21|Any CPU
		{BCD6B795-024E-4423-A22D-2504AEFEA7E5}.Release R21|Any CPU.Build.0 = Release R21|Any CPU
		{BCD6B795-024E-4423-A22D-2504AEFEA7E5}.Release R22|Any CPU.ActiveCfg = Release R22|Any CPU
		{BCD6B795-024E-4423-A22D-2504AEFEA7E5}.Release R22|Any CPU.Build.0 = Release R22|Any CPU
		{BCD6B795-024E-4423-A22D-2504AEFEA7E5}.Release R23|Any CPU.ActiveCfg = Release R23|Any CPU
		{BCD6B795-024E-4423-A22D-2504AEFEA7E5}.Release R23|Any CPU.Build.0 = Release R23|Any CPU
		{BCD6B795-024E-4423-A22D-2504AEFEA7E5}.Release R24|Any CPU.ActiveCfg = Release R24|Any CPU
		{BCD6B795-024E-4423-A22D-2504AEFEA7E5}.Release R24|Any CPU.Build.0 = Release R24|Any CPU
		{BCD6B795-024E-4423-A22D-2504AEFEA7E5}.Release R25|Any CPU.ActiveCfg = Release R25|Any CPU
		{BCD6B795-024E-4423-A22D-2504AEFEA7E5}.Release R25|Any CPU.Build.0 = Release R25|Any CPU
		{BCD6B795-024E-4423-A22D-2504AEFEA7E5}.Release R26|Any CPU.ActiveCfg = Release R26|Any CPU
		{BCD6B795-024E-4423-A22D-2504AEFEA7E5}.Release R26|Any CPU.Build.0 = Release R26|Any CPU
		{BCD6B795-024E-4423-A22D-2504AEFEA7E5}.Release|Any CPU.ActiveCfg = Release R21|Any CPU
		{BCD6B795-024E-4423-A22D-2504AEFEA7E5}.Release|Any CPU.Build.0 = Release R21|Any CPU
		{5033C2B3-AA2B-49C8-A4A3-5E007E4063BC}.Debug R21|Any CPU.ActiveCfg = Debug R21|Any CPU
		{5033C2B3-AA2B-49C8-A4A3-5E007E4063BC}.Debug R21|Any CPU.Build.0 = Debug R21|Any CPU
		{5033C2B3-AA2B-49C8-A4A3-5E007E4063BC}.Debug R22|Any CPU.ActiveCfg = Debug R22|Any CPU
		{5033C2B3-AA2B-49C8-A4A3-5E007E4063BC}.Debug R22|Any CPU.Build.0 = Debug R22|Any CPU
		{5033C2B3-AA2B-49C8-A4A3-5E007E4063BC}.Debug R23|Any CPU.ActiveCfg = Debug R23|Any CPU
		{5033C2B3-AA2B-49C8-A4A3-5E007E4063BC}.Debug R23|Any CPU.Build.0 = Debug R23|Any CPU
		{5033C2B3-AA2B-49C8-A4A3-5E007E4063BC}.Debug R24|Any CPU.ActiveCfg = Debug R24|Any CPU
		{5033C2B3-AA2B-49C8-A4A3-5E007E4063BC}.Debug R24|Any CPU.Build.0 = Debug R24|Any CPU
		{5033C2B3-AA2B-49C8-A4A3-5E007E4063BC}.Debug R25|Any CPU.ActiveCfg = Debug R25|Any CPU
		{5033C2B3-AA2B-49C8-A4A3-5E007E4063BC}.Debug R25|Any CPU.Build.0 = Debug R25|Any CPU
		{5033C2B3-AA2B-49C8-A4A3-5E007E4063BC}.Debug R26|Any CPU.ActiveCfg = Debug R26|Any CPU
		{5033C2B3-AA2B-49C8-A4A3-5E007E4063BC}.Debug R26|Any CPU.Build.0 = Debug R26|Any CPU
		{5033C2B3-AA2B-49C8-A4A3-5E007E4063BC}.Debug|Any CPU.ActiveCfg = Debug R21|Any CPU
		{5033C2B3-AA2B-49C8-A4A3-5E007E4063BC}.Debug|Any CPU.Build.0 = Debug R21|Any CPU
		{5033C2B3-AA2B-49C8-A4A3-5E007E4063BC}.Release R21|Any CPU.ActiveCfg = Release R21|Any CPU
		{5033C2B3-AA2B-49C8-A4A3-5E007E4063BC}.Release R21|Any CPU.Build.0 = Release R21|Any CPU
		{5033C2B3-AA2B-49C8-A4A3-5E007E4063BC}.Release R22|Any CPU.ActiveCfg = Release R22|Any CPU
		{5033C2B3-AA2B-49C8-A4A3-5E007E4063BC}.Release R22|Any CPU.Build.0 = Release R22|Any CPU
		{5033C2B3-AA2B-49C8-A4A3-5E007E4063BC}.Release R23|Any CPU.ActiveCfg = Release R23|Any CPU
		{5033C2B3-AA2B-49C8-A4A3-5E007E4063BC}.Release R23|Any CPU.Build.0 = Release R23|Any CPU
		{5033C2B3-AA2B-49C8-A4A3-5E007E4063BC}.Release R24|Any CPU.ActiveCfg = Release R24|Any CPU
		{5033C2B3-AA2B-49C8-A4A3-5E007E4063BC}.Release R24|Any CPU.Build.0 = Release R24|Any CPU
		{5033C2B3-AA2B-49C8-A4A3-5E007E4063BC}.Release R25|Any CPU.ActiveCfg = Release R25|Any CPU
		{5033C2B3-AA2B-49C8-A4A3-5E007E4063BC}.Release R25|Any CPU.Build.0 = Release R25|Any CPU
		{5033C2B3-AA2B-49C8-A4A3-5E007E4063BC}.Release R26|Any CPU.ActiveCfg = Release R26|Any CPU
		{5033C2B3-AA2B-49C8-A4A3-5E007E4063BC}.Release R26|Any CPU.Build.0 = Release R26|Any CPU
		{5033C2B3-AA2B-49C8-A4A3-5E007E4063BC}.Release|Any CPU.ActiveCfg = Release R21|Any CPU
		{5033C2B3-AA2B-49C8-A4A3-5E007E4063BC}.Release|Any CPU.Build.0 = Release R21|Any CPU
		{E6750B21-6CEA-46B9-B500-AD345AB37C2A}.Debug R21|Any CPU.ActiveCfg = Debug R21|Any CPU
		{E6750B21-6CEA-46B9-B500-AD345AB37C2A}.Debug R21|Any CPU.Build.0 = Debug R21|Any CPU
		{E6750B21-6CEA-46B9-B500-AD345AB37C2A}.Debug R22|Any CPU.ActiveCfg = Debug R22|Any CPU
		{E6750B21-6CEA-46B9-B500-AD345AB37C2A}.Debug R22|Any CPU.Build.0 = Debug R22|Any CPU
		{E6750B21-6CEA-46B9-B500-AD345AB37C2A}.Debug R23|Any CPU.ActiveCfg = Debug R23|Any CPU
		{E6750B21-6CEA-46B9-B500-AD345AB37C2A}.Debug R23|Any CPU.Build.0 = Debug R23|Any CPU
		{E6750B21-6CEA-46B9-B500-AD345AB37C2A}.Debug R24|Any CPU.ActiveCfg = Debug R24|Any CPU
		{E6750B21-6CEA-46B9-B500-AD345AB37C2A}.Debug R24|Any CPU.Build.0 = Debug R24|Any CPU
		{E6750B21-6CEA-46B9-B500-AD345AB37C2A}.Debug R25|Any CPU.ActiveCfg = Debug R25|Any CPU
		{E6750B21-6CEA-46B9-B500-AD345AB37C2A}.Debug R25|Any CPU.Build.0 = Debug R25|Any CPU
		{E6750B21-6CEA-46B9-B500-AD345AB37C2A}.Debug R26|Any CPU.ActiveCfg = Debug R26|Any CPU
		{E6750B21-6CEA-46B9-B500-AD345AB37C2A}.Debug R26|Any CPU.Build.0 = Debug R26|Any CPU
		{E6750B21-6CEA-46B9-B500-AD345AB37C2A}.Debug|Any CPU.ActiveCfg = Debug R21|Any CPU
		{E6750B21-6CEA-46B9-B500-AD345AB37C2A}.Debug|Any CPU.Build.0 = Debug R21|Any CPU
		{E6750B21-6CEA-46B9-B500-AD345AB37C2A}.Release R21|Any CPU.ActiveCfg = Release R21|Any CPU
		{E6750B21-6CEA-46B9-B500-AD345AB37C2A}.Release R21|Any CPU.Build.0 = Release R21|Any CPU
		{E6750B21-6CEA-46B9-B500-AD345AB37C2A}.Release R22|Any CPU.ActiveCfg = Release R22|Any CPU
		{E6750B21-6CEA-46B9-B500-AD345AB37C2A}.Release R22|Any CPU.Build.0 = Release R22|Any CPU
		{E6750B21-6CEA-46B9-B500-AD345AB37C2A}.Release R23|Any CPU.ActiveCfg = Release R23|Any CPU
		{E6750B21-6CEA-46B9-B500-AD345AB37C2A}.Release R23|Any CPU.Build.0 = Release R23|Any CPU
		{E6750B21-6CEA-46B9-B500-AD345AB37C2A}.Release R24|Any CPU.ActiveCfg = Release R24|Any CPU
		{E6750B21-6CEA-46B9-B500-AD345AB37C2A}.Release R24|Any CPU.Build.0 = Release R24|Any CPU
		{E6750B21-6CEA-46B9-B500-AD345AB37C2A}.Release R25|Any CPU.ActiveCfg = Release R25|Any CPU
		{E6750B21-6CEA-46B9-B500-AD345AB37C2A}.Release R25|Any CPU.Build.0 = Release R25|Any CPU
		{E6750B21-6CEA-46B9-B500-AD345AB37C2A}.Release R26|Any CPU.ActiveCfg = Release R26|Any CPU
		{E6750B21-6CEA-46B9-B500-AD345AB37C2A}.Release R26|Any CPU.Build.0 = Release R26|Any CPU
		{E6750B21-6CEA-46B9-B500-AD345AB37C2A}.Release|Any CPU.ActiveCfg = Release R21|Any CPU
		{E6750B21-6CEA-46B9-B500-AD345AB37C2A}.Release|Any CPU.Build.0 = Release R21|Any CPU
		{7F1D6E59-7AE1-45DC-BB3F-E1557270C2AA}.Debug R21|Any CPU.ActiveCfg = Debug R21|Any CPU
		{7F1D6E59-7AE1-45DC-BB3F-E1557270C2AA}.Debug R21|Any CPU.Build.0 = Debug R21|Any CPU
		{7F1D6E59-7AE1-45DC-BB3F-E1557270C2AA}.Debug R22|Any CPU.ActiveCfg = Debug R22|Any CPU
		{7F1D6E59-7AE1-45DC-BB3F-E1557270C2AA}.Debug R22|Any CPU.Build.0 = Debug R22|Any CPU
		{7F1D6E59-7AE1-45DC-BB3F-E1557270C2AA}.Debug R23|Any CPU.ActiveCfg = Debug R23|Any CPU
		{7F1D6E59-7AE1-45DC-BB3F-E1557270C2AA}.Debug R23|Any CPU.Build.0 = Debug R23|Any CPU
		{7F1D6E59-7AE1-45DC-BB3F-E1557270C2AA}.Debug R24|Any CPU.ActiveCfg = Debug R24|Any CPU
		{7F1D6E59-7AE1-45DC-BB3F-E1557270C2AA}.Debug R24|Any CPU.Build.0 = Debug R24|Any CPU
		{7F1D6E59-7AE1-45DC-BB3F-E1557270C2AA}.Debug R25|Any CPU.ActiveCfg = Debug R25|Any CPU
		{7F1D6E59-7AE1-45DC-BB3F-E1557270C2AA}.Debug R25|Any CPU.Build.0 = Debug R25|Any CPU
		{7F1D6E59-7AE1-45DC-BB3F-E1557270C2AA}.Debug R26|Any CPU.ActiveCfg = Debug R26|Any CPU
		{7F1D6E59-7AE1-45DC-BB3F-E1557270C2AA}.Debug R26|Any CPU.Build.0 = Debug R26|Any CPU
		{7F1D6E59-7AE1-45DC-BB3F-E1557270C2AA}.Debug|Any CPU.ActiveCfg = Debug R21|Any CPU
		{7F1D6E59-7AE1-45DC-BB3F-E1557270C2AA}.Debug|Any CPU.Build.0 = Debug R21|Any CPU
		{7F1D6E59-7AE1-45DC-BB3F-E1557270C2AA}.Release R21|Any CPU.ActiveCfg = Release R21|Any CPU
		{7F1D6E59-7AE1-45DC-BB3F-E1557270C2AA}.Release R21|Any CPU.Build.0 = Release R21|Any CPU
		{7F1D6E59-7AE1-45DC-BB3F-E1557270C2AA}.Release R22|Any CPU.ActiveCfg = Release R22|Any CPU
		{7F1D6E59-7AE1-45DC-BB3F-E1557270C2AA}.Release R22|Any CPU.Build.0 = Release R22|Any CPU
		{7F1D6E59-7AE1-45DC-BB3F-E1557270C2AA}.Release R23|Any CPU.ActiveCfg = Release R23|Any CPU
		{7F1D6E59-7AE1-45DC-BB3F-E1557270C2AA}.Release R23|Any CPU.Build.0 = Release R23|Any CPU
		{7F1D6E59-7AE1-45DC-BB3F-E1557270C2AA}.Release R24|Any CPU.ActiveCfg = Release R24|Any CPU
		{7F1D6E59-7AE1-45DC-BB3F-E1557270C2AA}.Release R24|Any CPU.Build.0 = Release R24|Any CPU
		{7F1D6E59-7AE1-45DC-BB3F-E1557270C2AA}.Release R25|Any CPU.ActiveCfg = Release R25|Any CPU
		{7F1D6E59-7AE1-45DC-BB3F-E1557270C2AA}.Release R25|Any CPU.Build.0 = Release R25|Any CPU
		{7F1D6E59-7AE1-45DC-BB3F-E1557270C2AA}.Release R26|Any CPU.ActiveCfg = Release R26|Any CPU
		{7F1D6E59-7AE1-45DC-BB3F-E1557270C2AA}.Release R26|Any CPU.Build.0 = Release R26|Any CPU
		{7F1D6E59-7AE1-45DC-BB3F-E1557270C2AA}.Release|Any CPU.ActiveCfg = Release R21|Any CPU
		{7F1D6E59-7AE1-45DC-BB3F-E1557270C2AA}.Release|Any CPU.Build.0 = Release R21|Any CPU
		{8C24C945-F0EF-4908-BDB4-B9B6671DB9F1}.Debug R21|Any CPU.ActiveCfg = Debug R21|Any CPU
		{8C24C945-F0EF-4908-BDB4-B9B6671DB9F1}.Debug R21|Any CPU.Build.0 = Debug R21|Any CPU
		{8C24C945-F0EF-4908-BDB4-B9B6671DB9F1}.Debug R22|Any CPU.ActiveCfg = Debug R22|Any CPU
		{8C24C945-F0EF-4908-BDB4-B9B6671DB9F1}.Debug R22|Any CPU.Build.0 = Debug R22|Any CPU
		{8C24C945-F0EF-4908-BDB4-B9B6671DB9F1}.Debug R23|Any CPU.ActiveCfg = Debug R23|Any CPU
		{8C24C945-F0EF-4908-BDB4-B9B6671DB9F1}.Debug R23|Any CPU.Build.0 = Debug R23|Any CPU
		{8C24C945-F0EF-4908-BDB4-B9B6671DB9F1}.Debug R24|Any CPU.ActiveCfg = Debug R24|Any CPU
		{8C24C945-F0EF-4908-BDB4-B9B6671DB9F1}.Debug R24|Any CPU.Build.0 = Debug R24|Any CPU
		{8C24C945-F0EF-4908-BDB4-B9B6671DB9F1}.Debug R25|Any CPU.ActiveCfg = Debug R25|Any CPU
		{8C24C945-F0EF-4908-BDB4-B9B6671DB9F1}.Debug R25|Any CPU.Build.0 = Debug R25|Any CPU
		{8C24C945-F0EF-4908-BDB4-B9B6671DB9F1}.Debug R26|Any CPU.ActiveCfg = Debug R26|Any CPU
		{8C24C945-F0EF-4908-BDB4-B9B6671DB9F1}.Debug R26|Any CPU.Build.0 = Debug R26|Any CPU
		{8C24C945-F0EF-4908-BDB4-B9B6671DB9F1}.Debug|Any CPU.ActiveCfg = Debug R21|Any CPU
		{8C24C945-F0EF-4908-BDB4-B9B6671DB9F1}.Debug|Any CPU.Build.0 = Debug R21|Any CPU
		{8C24C945-F0EF-4908-BDB4-B9B6671DB9F1}.Release R21|Any CPU.ActiveCfg = Release R21|Any CPU
		{8C24C945-F0EF-4908-BDB4-B9B6671DB9F1}.Release R21|Any CPU.Build.0 = Release R21|Any CPU
		{8C24C945-F0EF-4908-BDB4-B9B6671DB9F1}.Release R22|Any CPU.ActiveCfg = Release R22|Any CPU
		{8C24C945-F0EF-4908-BDB4-B9B6671DB9F1}.Release R22|Any CPU.Build.0 = Release R22|Any CPU
		{8C24C945-F0EF-4908-BDB4-B9B6671DB9F1}.Release R23|Any CPU.ActiveCfg = Release R23|Any CPU
		{8C24C945-F0EF-4908-BDB4-B9B6671DB9F1}.Release R23|Any CPU.Build.0 = Release R23|Any CPU
		{8C24C945-F0EF-4908-BDB4-B9B6671DB9F1}.Release R24|Any CPU.ActiveCfg = Release R24|Any CPU
		{8C24C945-F0EF-4908-BDB4-B9B6671DB9F1}.Release R24|Any CPU.Build.0 = Release R24|Any CPU
		{8C24C945-F0EF-4908-BDB4-B9B6671DB9F1}.Release R25|Any CPU.ActiveCfg = Release R25|Any CPU
		{8C24C945-F0EF-4908-BDB4-B9B6671DB9F1}.Release R25|Any CPU.Build.0 = Release R25|Any CPU
		{8C24C945-F0EF-4908-BDB4-B9B6671DB9F1}.Release R26|Any CPU.ActiveCfg = Release R26|Any CPU
		{8C24C945-F0EF-4908-BDB4-B9B6671DB9F1}.Release R26|Any CPU.Build.0 = Release R26|Any CPU
		{8C24C945-F0EF-4908-BDB4-B9B6671DB9F1}.Release|Any CPU.ActiveCfg = Release R21|Any CPU
		{8C24C945-F0EF-4908-BDB4-B9B6671DB9F1}.Release|Any CPU.Build.0 = Release R21|Any CPU
		{4849ADF4-C23C-42C2-9BBA-F2A041FF4AFC}.Debug R21|Any CPU.ActiveCfg = Debug R21|Any CPU
		{4849ADF4-C23C-42C2-9BBA-F2A041FF4AFC}.Debug R21|Any CPU.Build.0 = Debug R21|Any CPU
		{4849ADF4-C23C-42C2-9BBA-F2A041FF4AFC}.Debug R22|Any CPU.ActiveCfg = Debug R22|Any CPU
		{4849ADF4-C23C-42C2-9BBA-F2A041FF4AFC}.Debug R22|Any CPU.Build.0 = Debug R22|Any CPU
		{4849ADF4-C23C-42C2-9BBA-F2A041FF4AFC}.Debug R23|Any CPU.ActiveCfg = Debug R23|Any CPU
		{4849ADF4-C23C-42C2-9BBA-F2A041FF4AFC}.Debug R23|Any CPU.Build.0 = Debug R23|Any CPU
		{4849ADF4-C23C-42C2-9BBA-F2A041FF4AFC}.Debug R24|Any CPU.ActiveCfg = Debug R24|Any CPU
		{4849ADF4-C23C-42C2-9BBA-F2A041FF4AFC}.Debug R24|Any CPU.Build.0 = Debug R24|Any CPU
		{4849ADF4-C23C-42C2-9BBA-F2A041FF4AFC}.Debug R25|Any CPU.ActiveCfg = Debug R25|Any CPU
		{4849ADF4-C23C-42C2-9BBA-F2A041FF4AFC}.Debug R25|Any CPU.Build.0 = Debug R25|Any CPU
		{4849ADF4-C23C-42C2-9BBA-F2A041FF4AFC}.Debug R26|Any CPU.ActiveCfg = Debug R26|Any CPU
		{4849ADF4-C23C-42C2-9BBA-F2A041FF4AFC}.Debug R26|Any CPU.Build.0 = Debug R26|Any CPU
		{4849ADF4-C23C-42C2-9BBA-F2A041FF4AFC}.Debug|Any CPU.ActiveCfg = Debug R21|Any CPU
		{4849ADF4-C23C-42C2-9BBA-F2A041FF4AFC}.Debug|Any CPU.Build.0 = Debug R21|Any CPU
		{4849ADF4-C23C-42C2-9BBA-F2A041FF4AFC}.Release R21|Any CPU.ActiveCfg = Release R21|Any CPU
		{4849ADF4-C23C-42C2-9BBA-F2A041FF4AFC}.Release R21|Any CPU.Build.0 = Release R21|Any CPU
		{4849ADF4-C23C-42C2-9BBA-F2A041FF4AFC}.Release R22|Any CPU.ActiveCfg = Release R22|Any CPU
		{4849ADF4-C23C-42C2-9BBA-F2A041FF4AFC}.Release R22|Any CPU.Build.0 = Release R22|Any CPU
		{4849ADF4-C23C-42C2-9BBA-F2A041FF4AFC}.Release R23|Any CPU.ActiveCfg = Release R23|Any CPU
		{4849ADF4-C23C-42C2-9BBA-F2A041FF4AFC}.Release R23|Any CPU.Build.0 = Release R23|Any CPU
		{4849ADF4-C23C-42C2-9BBA-F2A041FF4AFC}.Release R24|Any CPU.ActiveCfg = Release R24|Any CPU
		{4849ADF4-C23C-42C2-9BBA-F2A041FF4AFC}.Release R24|Any CPU.Build.0 = Release R24|Any CPU
		{4849ADF4-C23C-42C2-9BBA-F2A041FF4AFC}.Release R25|Any CPU.ActiveCfg = Release R25|Any CPU
		{4849ADF4-C23C-42C2-9BBA-F2A041FF4AFC}.Release R25|Any CPU.Build.0 = Release R25|Any CPU
		{4849ADF4-C23C-42C2-9BBA-F2A041FF4AFC}.Release R26|Any CPU.ActiveCfg = Release R26|Any CPU
		{4849ADF4-C23C-42C2-9BBA-F2A041FF4AFC}.Release R26|Any CPU.Build.0 = Release R26|Any CPU
		{4849ADF4-C23C-42C2-9BBA-F2A041FF4AFC}.Release|Any CPU.ActiveCfg = Release R21|Any CPU
		{4849ADF4-C23C-42C2-9BBA-F2A041FF4AFC}.Release|Any CPU.Build.0 = Release R21|Any CPU
		{864745AB-EFDB-4643-B748-B6BAA74BF77E}.Debug R21|Any CPU.ActiveCfg = Debug R21|Any CPU
		{864745AB-EFDB-4643-B748-B6BAA74BF77E}.Debug R21|Any CPU.Build.0 = Debug R21|Any CPU
		{864745AB-EFDB-4643-B748-B6BAA74BF77E}.Debug R22|Any CPU.ActiveCfg = Debug R22|Any CPU
		{864745AB-EFDB-4643-B748-B6BAA74BF77E}.Debug R22|Any CPU.Build.0 = Debug R22|Any CPU
		{864745AB-EFDB-4643-B748-B6BAA74BF77E}.Debug R23|Any CPU.ActiveCfg = Debug R23|Any CPU
		{864745AB-EFDB-4643-B748-B6BAA74BF77E}.Debug R23|Any CPU.Build.0 = Debug R23|Any CPU
		{864745AB-EFDB-4643-B748-B6BAA74BF77E}.Debug R24|Any CPU.ActiveCfg = Debug R24|Any CPU
		{864745AB-EFDB-4643-B748-B6BAA74BF77E}.Debug R24|Any CPU.Build.0 = Debug R24|Any CPU
		{864745AB-EFDB-4643-B748-B6BAA74BF77E}.Debug R25|Any CPU.ActiveCfg = Debug R25|Any CPU
		{864745AB-EFDB-4643-B748-B6BAA74BF77E}.Debug R25|Any CPU.Build.0 = Debug R25|Any CPU
		{864745AB-EFDB-4643-B748-B6BAA74BF77E}.Debug R26|Any CPU.ActiveCfg = Debug R26|Any CPU
		{864745AB-EFDB-4643-B748-B6BAA74BF77E}.Debug R26|Any CPU.Build.0 = Debug R26|Any CPU
		{864745AB-EFDB-4643-B748-B6BAA74BF77E}.Debug|Any CPU.ActiveCfg = Debug R21|Any CPU
		{864745AB-EFDB-4643-B748-B6BAA74BF77E}.Debug|Any CPU.Build.0 = Debug R21|Any CPU
		{864745AB-EFDB-4643-B748-B6BAA74BF77E}.Release R21|Any CPU.ActiveCfg = Release R21|Any CPU
		{864745AB-EFDB-4643-B748-B6BAA74BF77E}.Release R21|Any CPU.Build.0 = Release R21|Any CPU
		{864745AB-EFDB-4643-B748-B6BAA74BF77E}.Release R22|Any CPU.ActiveCfg = Release R22|Any CPU
		{864745AB-EFDB-4643-B748-B6BAA74BF77E}.Release R22|Any CPU.Build.0 = Release R22|Any CPU
		{864745AB-EFDB-4643-B748-B6BAA74BF77E}.Release R23|Any CPU.ActiveCfg = Release R23|Any CPU
		{864745AB-EFDB-4643-B748-B6BAA74BF77E}.Release R23|Any CPU.Build.0 = Release R23|Any CPU
		{864745AB-EFDB-4643-B748-B6BAA74BF77E}.Release R24|Any CPU.ActiveCfg = Release R24|Any CPU
		{864745AB-EFDB-4643-B748-B6BAA74BF77E}.Release R24|Any CPU.Build.0 = Release R24|Any CPU
		{864745AB-EFDB-4643-B748-B6BAA74BF77E}.Release R25|Any CPU.ActiveCfg = Release R25|Any CPU
		{864745AB-EFDB-4643-B748-B6BAA74BF77E}.Release R25|Any CPU.Build.0 = Release R25|Any CPU
		{864745AB-EFDB-4643-B748-B6BAA74BF77E}.Release R26|Any CPU.ActiveCfg = Release R26|Any CPU
		{864745AB-EFDB-4643-B748-B6BAA74BF77E}.Release R26|Any CPU.Build.0 = Release R26|Any CPU
		{864745AB-EFDB-4643-B748-B6BAA74BF77E}.Release|Any CPU.ActiveCfg = Release R21|Any CPU
		{864745AB-EFDB-4643-B748-B6BAA74BF77E}.Release|Any CPU.Build.0 = Release R21|Any CPU
		{BCE6FB71-47F9-42EB-9B4A-ACC3E9E3FA3C}.Debug R21|Any CPU.ActiveCfg = Debug R21|Any CPU
		{BCE6FB71-47F9-42EB-9B4A-ACC3E9E3FA3C}.Debug R21|Any CPU.Build.0 = Debug R21|Any CPU
		{BCE6FB71-47F9-42EB-9B4A-ACC3E9E3FA3C}.Debug R22|Any CPU.ActiveCfg = Debug R22|Any CPU
		{BCE6FB71-47F9-42EB-9B4A-ACC3E9E3FA3C}.Debug R22|Any CPU.Build.0 = Debug R22|Any CPU
		{BCE6FB71-47F9-42EB-9B4A-ACC3E9E3FA3C}.Debug R23|Any CPU.ActiveCfg = Debug R23|Any CPU
		{BCE6FB71-47F9-42EB-9B4A-ACC3E9E3FA3C}.Debug R23|Any CPU.Build.0 = Debug R23|Any CPU
		{BCE6FB71-47F9-42EB-9B4A-ACC3E9E3FA3C}.Debug R24|Any CPU.ActiveCfg = Debug R24|Any CPU
		{BCE6FB71-47F9-42EB-9B4A-ACC3E9E3FA3C}.Debug R24|Any CPU.Build.0 = Debug R24|Any CPU
		{BCE6FB71-47F9-42EB-9B4A-ACC3E9E3FA3C}.Debug R25|Any CPU.ActiveCfg = Debug R25|Any CPU
		{BCE6FB71-47F9-42EB-9B4A-ACC3E9E3FA3C}.Debug R25|Any CPU.Build.0 = Debug R25|Any CPU
		{BCE6FB71-47F9-42EB-9B4A-ACC3E9E3FA3C}.Debug R26|Any CPU.ActiveCfg = Debug R26|Any CPU
		{BCE6FB71-47F9-42EB-9B4A-ACC3E9E3FA3C}.Debug R26|Any CPU.Build.0 = Debug R26|Any CPU
		{BCE6FB71-47F9-42EB-9B4A-ACC3E9E3FA3C}.Debug|Any CPU.ActiveCfg = Debug R21|Any CPU
		{BCE6FB71-47F9-42EB-9B4A-ACC3E9E3FA3C}.Debug|Any CPU.Build.0 = Debug R21|Any CPU
		{BCE6FB71-47F9-42EB-9B4A-ACC3E9E3FA3C}.Release R21|Any CPU.ActiveCfg = Release R21|Any CPU
		{BCE6FB71-47F9-42EB-9B4A-ACC3E9E3FA3C}.Release R21|Any CPU.Build.0 = Release R21|Any CPU
		{BCE6FB71-47F9-42EB-9B4A-ACC3E9E3FA3C}.Release R22|Any CPU.ActiveCfg = Release R22|Any CPU
		{BCE6FB71-47F9-42EB-9B4A-ACC3E9E3FA3C}.Release R22|Any CPU.Build.0 = Release R22|Any CPU
		{BCE6FB71-47F9-42EB-9B4A-ACC3E9E3FA3C}.Release R23|Any CPU.ActiveCfg = Release R23|Any CPU
		{BCE6FB71-47F9-42EB-9B4A-ACC3E9E3FA3C}.Release R23|Any CPU.Build.0 = Release R23|Any CPU
		{BCE6FB71-47F9-42EB-9B4A-ACC3E9E3FA3C}.Release R24|Any CPU.ActiveCfg = Release R24|Any CPU
		{BCE6FB71-47F9-42EB-9B4A-ACC3E9E3FA3C}.Release R24|Any CPU.Build.0 = Release R24|Any CPU
		{BCE6FB71-47F9-42EB-9B4A-ACC3E9E3FA3C}.Release R25|Any CPU.ActiveCfg = Release R25|Any CPU
		{BCE6FB71-47F9-42EB-9B4A-ACC3E9E3FA3C}.Release R25|Any CPU.Build.0 = Release R25|Any CPU
		{BCE6FB71-47F9-42EB-9B4A-ACC3E9E3FA3C}.Release R26|Any CPU.ActiveCfg = Release R26|Any CPU
		{BCE6FB71-47F9-42EB-9B4A-ACC3E9E3FA3C}.Release R26|Any CPU.Build.0 = Release R26|Any CPU
		{BCE6FB71-47F9-42EB-9B4A-ACC3E9E3FA3C}.Release|Any CPU.ActiveCfg = Release R21|Any CPU
		{BCE6FB71-47F9-42EB-9B4A-ACC3E9E3FA3C}.Release|Any CPU.Build.0 = Release R21|Any CPU
		{8A2971F7-66F7-412D-9152-D4D0C3E94F70}.Debug R21|Any CPU.ActiveCfg = Debug R21|Any CPU
		{8A2971F7-66F7-412D-9152-D4D0C3E94F70}.Debug R21|Any CPU.Build.0 = Debug R21|Any CPU
		{8A2971F7-66F7-412D-9152-D4D0C3E94F70}.Debug R22|Any CPU.ActiveCfg = Debug R22|Any CPU
		{8A2971F7-66F7-412D-9152-D4D0C3E94F70}.Debug R22|Any CPU.Build.0 = Debug R22|Any CPU
		{8A2971F7-66F7-412D-9152-D4D0C3E94F70}.Debug R23|Any CPU.ActiveCfg = Debug R23|Any CPU
		{8A2971F7-66F7-412D-9152-D4D0C3E94F70}.Debug R23|Any CPU.Build.0 = Debug R23|Any CPU
		{8A2971F7-66F7-412D-9152-D4D0C3E94F70}.Debug R24|Any CPU.ActiveCfg = Debug R24|Any CPU
		{8A2971F7-66F7-412D-9152-D4D0C3E94F70}.Debug R24|Any CPU.Build.0 = Debug R24|Any CPU
		{8A2971F7-66F7-412D-9152-D4D0C3E94F70}.Debug R25|Any CPU.ActiveCfg = Debug R25|Any CPU
		{8A2971F7-66F7-412D-9152-D4D0C3E94F70}.Debug R25|Any CPU.Build.0 = Debug R25|Any CPU
		{8A2971F7-66F7-412D-9152-D4D0C3E94F70}.Debug R26|Any CPU.ActiveCfg = Debug R26|Any CPU
		{8A2971F7-66F7-412D-9152-D4D0C3E94F70}.Debug R26|Any CPU.Build.0 = Debug R26|Any CPU
		{8A2971F7-66F7-412D-9152-D4D0C3E94F70}.Debug|Any CPU.ActiveCfg = Debug R21|Any CPU
		{8A2971F7-66F7-412D-9152-D4D0C3E94F70}.Debug|Any CPU.Build.0 = Debug R21|Any CPU
		{8A2971F7-66F7-412D-9152-D4D0C3E94F70}.Release R21|Any CPU.ActiveCfg = Release R21|Any CPU
		{8A2971F7-66F7-412D-9152-D4D0C3E94F70}.Release R21|Any CPU.Build.0 = Release R21|Any CPU
		{8A2971F7-66F7-412D-9152-D4D0C3E94F70}.Release R22|Any CPU.ActiveCfg = Release R22|Any CPU
		{8A2971F7-66F7-412D-9152-D4D0C3E94F70}.Release R22|Any CPU.Build.0 = Release R22|Any CPU
		{8A2971F7-66F7-412D-9152-D4D0C3E94F70}.Release R23|Any CPU.ActiveCfg = Release R23|Any CPU
		{8A2971F7-66F7-412D-9152-D4D0C3E94F70}.Release R23|Any CPU.Build.0 = Release R23|Any CPU
		{8A2971F7-66F7-412D-9152-D4D0C3E94F70}.Release R24|Any CPU.ActiveCfg = Release R24|Any CPU
		{8A2971F7-66F7-412D-9152-D4D0C3E94F70}.Release R24|Any CPU.Build.0 = Release R24|Any CPU
		{8A2971F7-66F7-412D-9152-D4D0C3E94F70}.Release R25|Any CPU.ActiveCfg = Release R25|Any CPU
		{8A2971F7-66F7-412D-9152-D4D0C3E94F70}.Release R25|Any CPU.Build.0 = Release R25|Any CPU
		{8A2971F7-66F7-412D-9152-D4D0C3E94F70}.Release R26|Any CPU.ActiveCfg = Release R26|Any CPU
		{8A2971F7-66F7-412D-9152-D4D0C3E94F70}.Release R26|Any CPU.Build.0 = Release R26|Any CPU
		{8A2971F7-66F7-412D-9152-D4D0C3E94F70}.Release|Any CPU.ActiveCfg = Release R21|Any CPU
		{8A2971F7-66F7-412D-9152-D4D0C3E94F70}.Release|Any CPU.Build.0 = Release R21|Any CPU
		{66F064BC-7A04-450B-BEB0-EE2D774F50BE}.Debug R21|Any CPU.ActiveCfg = Debug R21|Any CPU
		{66F064BC-7A04-450B-BEB0-EE2D774F50BE}.Debug R21|Any CPU.Build.0 = Debug R21|Any CPU
		{66F064BC-7A04-450B-BEB0-EE2D774F50BE}.Debug R22|Any CPU.ActiveCfg = Debug R22|Any CPU
		{66F064BC-7A04-450B-BEB0-EE2D774F50BE}.Debug R22|Any CPU.Build.0 = Debug R22|Any CPU
		{66F064BC-7A04-450B-BEB0-EE2D774F50BE}.Debug R23|Any CPU.ActiveCfg = Debug R23|Any CPU
		{66F064BC-7A04-450B-BEB0-EE2D774F50BE}.Debug R23|Any CPU.Build.0 = Debug R23|Any CPU
		{66F064BC-7A04-450B-BEB0-EE2D774F50BE}.Debug R24|Any CPU.ActiveCfg = Debug R24|Any CPU
		{66F064BC-7A04-450B-BEB0-EE2D774F50BE}.Debug R24|Any CPU.Build.0 = Debug R24|Any CPU
		{66F064BC-7A04-450B-BEB0-EE2D774F50BE}.Debug R25|Any CPU.ActiveCfg = Debug R25|Any CPU
		{66F064BC-7A04-450B-BEB0-EE2D774F50BE}.Debug R25|Any CPU.Build.0 = Debug R25|Any CPU
		{66F064BC-7A04-450B-BEB0-EE2D774F50BE}.Debug R26|Any CPU.ActiveCfg = Debug R26|Any CPU
		{66F064BC-7A04-450B-BEB0-EE2D774F50BE}.Debug R26|Any CPU.Build.0 = Debug R26|Any CPU
		{66F064BC-7A04-450B-BEB0-EE2D774F50BE}.Debug|Any CPU.ActiveCfg = Debug R21|Any CPU
		{66F064BC-7A04-450B-BEB0-EE2D774F50BE}.Debug|Any CPU.Build.0 = Debug R21|Any CPU
		{66F064BC-7A04-450B-BEB0-EE2D774F50BE}.Release R21|Any CPU.ActiveCfg = Release R21|Any CPU
		{66F064BC-7A04-450B-BEB0-EE2D774F50BE}.Release R21|Any CPU.Build.0 = Release R21|Any CPU
		{66F064BC-7A04-450B-BEB0-EE2D774F50BE}.Release R22|Any CPU.ActiveCfg = Release R22|Any CPU
		{66F064BC-7A04-450B-BEB0-EE2D774F50BE}.Release R22|Any CPU.Build.0 = Release R22|Any CPU
		{66F064BC-7A04-450B-BEB0-EE2D774F50BE}.Release R23|Any CPU.ActiveCfg = Release R23|Any CPU
		{66F064BC-7A04-450B-BEB0-EE2D774F50BE}.Release R23|Any CPU.Build.0 = Release R23|Any CPU
		{66F064BC-7A04-450B-BEB0-EE2D774F50BE}.Release R24|Any CPU.ActiveCfg = Release R24|Any CPU
		{66F064BC-7A04-450B-BEB0-EE2D774F50BE}.Release R24|Any CPU.Build.0 = Release R24|Any CPU
		{66F064BC-7A04-450B-BEB0-EE2D774F50BE}.Release R25|Any CPU.ActiveCfg = Release R25|Any CPU
		{66F064BC-7A04-450B-BEB0-EE2D774F50BE}.Release R25|Any CPU.Build.0 = Release R25|Any CPU
		{66F064BC-7A04-450B-BEB0-EE2D774F50BE}.Release R26|Any CPU.ActiveCfg = Release R26|Any CPU
		{66F064BC-7A04-450B-BEB0-EE2D774F50BE}.Release R26|Any CPU.Build.0 = Release R26|Any CPU
		{66F064BC-7A04-450B-BEB0-EE2D774F50BE}.Release|Any CPU.ActiveCfg = Release R21|Any CPU
		{66F064BC-7A04-450B-BEB0-EE2D774F50BE}.Release|Any CPU.Build.0 = Release R21|Any CPU
		{A387E22D-5574-49A1-BB7F-4C94DC180028}.Debug R21|Any CPU.ActiveCfg = Debug R21|Any CPU
		{A387E22D-5574-49A1-BB7F-4C94DC180028}.Debug R21|Any CPU.Build.0 = Debug R21|Any CPU
		{A387E22D-5574-49A1-BB7F-4C94DC180028}.Debug R22|Any CPU.ActiveCfg = Debug R22|Any CPU
		{A387E22D-5574-49A1-BB7F-4C94DC180028}.Debug R22|Any CPU.Build.0 = Debug R22|Any CPU
		{A387E22D-5574-49A1-BB7F-4C94DC180028}.Debug R23|Any CPU.ActiveCfg = Debug R23|Any CPU
		{A387E22D-5574-49A1-BB7F-4C94DC180028}.Debug R23|Any CPU.Build.0 = Debug R23|Any CPU
		{A387E22D-5574-49A1-BB7F-4C94DC180028}.Debug R24|Any CPU.ActiveCfg = Debug R24|Any CPU
		{A387E22D-5574-49A1-BB7F-4C94DC180028}.Debug R24|Any CPU.Build.0 = Debug R24|Any CPU
		{A387E22D-5574-49A1-BB7F-4C94DC180028}.Debug R25|Any CPU.ActiveCfg = Debug R25|Any CPU
		{A387E22D-5574-49A1-BB7F-4C94DC180028}.Debug R25|Any CPU.Build.0 = Debug R25|Any CPU
		{A387E22D-5574-49A1-BB7F-4C94DC180028}.Debug R26|Any CPU.ActiveCfg = Debug R26|Any CPU
		{A387E22D-5574-49A1-BB7F-4C94DC180028}.Debug R26|Any CPU.Build.0 = Debug R26|Any CPU
		{A387E22D-5574-49A1-BB7F-4C94DC180028}.Debug|Any CPU.ActiveCfg = Debug R21|Any CPU
		{A387E22D-5574-49A1-BB7F-4C94DC180028}.Debug|Any CPU.Build.0 = Debug R21|Any CPU
		{A387E22D-5574-49A1-BB7F-4C94DC180028}.Release R21|Any CPU.ActiveCfg = Release R21|Any CPU
		{A387E22D-5574-49A1-BB7F-4C94DC180028}.Release R21|Any CPU.Build.0 = Release R21|Any CPU
		{A387E22D-5574-49A1-BB7F-4C94DC180028}.Release R22|Any CPU.ActiveCfg = Release R22|Any CPU
		{A387E22D-5574-49A1-BB7F-4C94DC180028}.Release R22|Any CPU.Build.0 = Release R22|Any CPU
		{A387E22D-5574-49A1-BB7F-4C94DC180028}.Release R23|Any CPU.ActiveCfg = Release R23|Any CPU
		{A387E22D-5574-49A1-BB7F-4C94DC180028}.Release R23|Any CPU.Build.0 = Release R23|Any CPU
		{A387E22D-5574-49A1-BB7F-4C94DC180028}.Release R24|Any CPU.ActiveCfg = Release R24|Any CPU
		{A387E22D-5574-49A1-BB7F-4C94DC180028}.Release R24|Any CPU.Build.0 = Release R24|Any CPU
		{A387E22D-5574-49A1-BB7F-4C94DC180028}.Release R25|Any CPU.ActiveCfg = Release R25|Any CPU
		{A387E22D-5574-49A1-BB7F-4C94DC180028}.Release R25|Any CPU.Build.0 = Release R25|Any CPU
		{A387E22D-5574-49A1-BB7F-4C94DC180028}.Release R26|Any CPU.ActiveCfg = Release R26|Any CPU
		{A387E22D-5574-49A1-BB7F-4C94DC180028}.Release R26|Any CPU.Build.0 = Release R26|Any CPU
		{A387E22D-5574-49A1-BB7F-4C94DC180028}.Release|Any CPU.ActiveCfg = Release R21|Any CPU
		{A387E22D-5574-49A1-BB7F-4C94DC180028}.Release|Any CPU.Build.0 = Release R21|Any CPU
		{52CCCACC-8AF0-4CEF-AD7C-C66079E4171E}.Debug R21|Any CPU.ActiveCfg = Debug R21|Any CPU
		{52CCCACC-8AF0-4CEF-AD7C-C66079E4171E}.Debug R21|Any CPU.Build.0 = Debug R21|Any CPU
		{52CCCACC-8AF0-4CEF-AD7C-C66079E4171E}.Debug R22|Any CPU.ActiveCfg = Debug R22|Any CPU
		{52CCCACC-8AF0-4CEF-AD7C-C66079E4171E}.Debug R22|Any CPU.Build.0 = Debug R22|Any CPU
		{52CCCACC-8AF0-4CEF-AD7C-C66079E4171E}.Debug R23|Any CPU.ActiveCfg = Debug R23|Any CPU
		{52CCCACC-8AF0-4CEF-AD7C-C66079E4171E}.Debug R23|Any CPU.Build.0 = Debug R23|Any CPU
		{52CCCACC-8AF0-4CEF-AD7C-C66079E4171E}.Debug R24|Any CPU.ActiveCfg = Debug R24|Any CPU
		{52CCCACC-8AF0-4CEF-AD7C-C66079E4171E}.Debug R24|Any CPU.Build.0 = Debug R24|Any CPU
		{52CCCACC-8AF0-4CEF-AD7C-C66079E4171E}.Debug R25|Any CPU.ActiveCfg = Debug R25|Any CPU
		{52CCCACC-8AF0-4CEF-AD7C-C66079E4171E}.Debug R25|Any CPU.Build.0 = Debug R25|Any CPU
		{52CCCACC-8AF0-4CEF-AD7C-C66079E4171E}.Debug R26|Any CPU.ActiveCfg = Debug R26|Any CPU
		{52CCCACC-8AF0-4CEF-AD7C-C66079E4171E}.Debug R26|Any CPU.Build.0 = Debug R26|Any CPU
		{52CCCACC-8AF0-4CEF-AD7C-C66079E4171E}.Debug|Any CPU.ActiveCfg = Debug R21|Any CPU
		{52CCCACC-8AF0-4CEF-AD7C-C66079E4171E}.Debug|Any CPU.Build.0 = Debug R21|Any CPU
		{52CCCACC-8AF0-4CEF-AD7C-C66079E4171E}.Release R21|Any CPU.ActiveCfg = Release R21|Any CPU
		{52CCCACC-8AF0-4CEF-AD7C-C66079E4171E}.Release R21|Any CPU.Build.0 = Release R21|Any CPU
		{52CCCACC-8AF0-4CEF-AD7C-C66079E4171E}.Release R22|Any CPU.ActiveCfg = Release R22|Any CPU
		{52CCCACC-8AF0-4CEF-AD7C-C66079E4171E}.Release R22|Any CPU.Build.0 = Release R22|Any CPU
		{52CCCACC-8AF0-4CEF-AD7C-C66079E4171E}.Release R23|Any CPU.ActiveCfg = Release R23|Any CPU
		{52CCCACC-8AF0-4CEF-AD7C-C66079E4171E}.Release R23|Any CPU.Build.0 = Release R23|Any CPU
		{52CCCACC-8AF0-4CEF-AD7C-C66079E4171E}.Release R24|Any CPU.ActiveCfg = Release R24|Any CPU
		{52CCCACC-8AF0-4CEF-AD7C-C66079E4171E}.Release R24|Any CPU.Build.0 = Release R24|Any CPU
		{52CCCACC-8AF0-4CEF-AD7C-C66079E4171E}.Release R25|Any CPU.ActiveCfg = Release R25|Any CPU
		{52CCCACC-8AF0-4CEF-AD7C-C66079E4171E}.Release R25|Any CPU.Build.0 = Release R25|Any CPU
		{52CCCACC-8AF0-4CEF-AD7C-C66079E4171E}.Release R26|Any CPU.ActiveCfg = Release R26|Any CPU
		{52CCCACC-8AF0-4CEF-AD7C-C66079E4171E}.Release R26|Any CPU.Build.0 = Release R26|Any CPU
		{52CCCACC-8AF0-4CEF-AD7C-C66079E4171E}.Release|Any CPU.ActiveCfg = Release R21|Any CPU
		{52CCCACC-8AF0-4CEF-AD7C-C66079E4171E}.Release|Any CPU.Build.0 = Release R21|Any CPU
		{B31DD861-E007-43A1-9DF5-CAA0F253CF81}.Debug R21|Any CPU.ActiveCfg = Debug R21|Any CPU
		{B31DD861-E007-43A1-9DF5-CAA0F253CF81}.Debug R21|Any CPU.Build.0 = Debug R21|Any CPU
		{B31DD861-E007-43A1-9DF5-CAA0F253CF81}.Debug R22|Any CPU.ActiveCfg = Debug R22|Any CPU
		{B31DD861-E007-43A1-9DF5-CAA0F253CF81}.Debug R22|Any CPU.Build.0 = Debug R22|Any CPU
		{B31DD861-E007-43A1-9DF5-CAA0F253CF81}.Debug R23|Any CPU.ActiveCfg = Debug R23|Any CPU
		{B31DD861-E007-43A1-9DF5-CAA0F253CF81}.Debug R23|Any CPU.Build.0 = Debug R23|Any CPU
		{B31DD861-E007-43A1-9DF5-CAA0F253CF81}.Debug R24|Any CPU.ActiveCfg = Debug R24|Any CPU
		{B31DD861-E007-43A1-9DF5-CAA0F253CF81}.Debug R24|Any CPU.Build.0 = Debug R24|Any CPU
		{B31DD861-E007-43A1-9DF5-CAA0F253CF81}.Debug R25|Any CPU.ActiveCfg = Debug R25|Any CPU
		{B31DD861-E007-43A1-9DF5-CAA0F253CF81}.Debug R25|Any CPU.Build.0 = Debug R25|Any CPU
		{B31DD861-E007-43A1-9DF5-CAA0F253CF81}.Debug R26|Any CPU.ActiveCfg = Debug R26|Any CPU
		{B31DD861-E007-43A1-9DF5-CAA0F253CF81}.Debug R26|Any CPU.Build.0 = Debug R26|Any CPU
		{B31DD861-E007-43A1-9DF5-CAA0F253CF81}.Debug|Any CPU.ActiveCfg = Debug R21|Any CPU
		{B31DD861-E007-43A1-9DF5-CAA0F253CF81}.Debug|Any CPU.Build.0 = Debug R21|Any CPU
		{B31DD861-E007-43A1-9DF5-CAA0F253CF81}.Release R21|Any CPU.ActiveCfg = Release R21|Any CPU
		{B31DD861-E007-43A1-9DF5-CAA0F253CF81}.Release R21|Any CPU.Build.0 = Release R21|Any CPU
		{B31DD861-E007-43A1-9DF5-CAA0F253CF81}.Release R22|Any CPU.ActiveCfg = Release R22|Any CPU
		{B31DD861-E007-43A1-9DF5-CAA0F253CF81}.Release R22|Any CPU.Build.0 = Release R22|Any CPU
		{B31DD861-E007-43A1-9DF5-CAA0F253CF81}.Release R23|Any CPU.ActiveCfg = Release R23|Any CPU
		{B31DD861-E007-43A1-9DF5-CAA0F253CF81}.Release R23|Any CPU.Build.0 = Release R23|Any CPU
		{B31DD861-E007-43A1-9DF5-CAA0F253CF81}.Release R24|Any CPU.ActiveCfg = Release R24|Any CPU
		{B31DD861-E007-43A1-9DF5-CAA0F253CF81}.Release R24|Any CPU.Build.0 = Release R24|Any CPU
		{B31DD861-E007-43A1-9DF5-CAA0F253CF81}.Release R25|Any CPU.ActiveCfg = Release R25|Any CPU
		{B31DD861-E007-43A1-9DF5-CAA0F253CF81}.Release R25|Any CPU.Build.0 = Release R25|Any CPU
		{B31DD861-E007-43A1-9DF5-CAA0F253CF81}.Release R26|Any CPU.ActiveCfg = Release R26|Any CPU
		{B31DD861-E007-43A1-9DF5-CAA0F253CF81}.Release R26|Any CPU.Build.0 = Release R26|Any CPU
		{B31DD861-E007-43A1-9DF5-CAA0F253CF81}.Release|Any CPU.ActiveCfg = Release R21|Any CPU
		{B31DD861-E007-43A1-9DF5-CAA0F253CF81}.Release|Any CPU.Build.0 = Release R21|Any CPU
		{FA79180B-6D92-4DB3-BA4D-28B90A3E5731}.Debug R21|Any CPU.ActiveCfg = Debug R21|Any CPU
		{FA79180B-6D92-4DB3-BA4D-28B90A3E5731}.Debug R21|Any CPU.Build.0 = Debug R21|Any CPU
		{FA79180B-6D92-4DB3-BA4D-28B90A3E5731}.Debug R22|Any CPU.ActiveCfg = Debug R22|Any CPU
		{FA79180B-6D92-4DB3-BA4D-28B90A3E5731}.Debug R22|Any CPU.Build.0 = Debug R22|Any CPU
		{FA79180B-6D92-4DB3-BA4D-28B90A3E5731}.Debug R23|Any CPU.ActiveCfg = Debug R23|Any CPU
		{FA79180B-6D92-4DB3-BA4D-28B90A3E5731}.Debug R23|Any CPU.Build.0 = Debug R23|Any CPU
		{FA79180B-6D92-4DB3-BA4D-28B90A3E5731}.Debug R24|Any CPU.ActiveCfg = Debug R24|Any CPU
		{FA79180B-6D92-4DB3-BA4D-28B90A3E5731}.Debug R24|Any CPU.Build.0 = Debug R24|Any CPU
		{FA79180B-6D92-4DB3-BA4D-28B90A3E5731}.Debug R25|Any CPU.ActiveCfg = Debug R25|Any CPU
		{FA79180B-6D92-4DB3-BA4D-28B90A3E5731}.Debug R25|Any CPU.Build.0 = Debug R25|Any CPU
		{FA79180B-6D92-4DB3-BA4D-28B90A3E5731}.Debug R26|Any CPU.ActiveCfg = Debug R26|Any CPU
		{FA79180B-6D92-4DB3-BA4D-28B90A3E5731}.Debug R26|Any CPU.Build.0 = Debug R26|Any CPU
		{FA79180B-6D92-4DB3-BA4D-28B90A3E5731}.Debug|Any CPU.ActiveCfg = Debug R21|Any CPU
		{FA79180B-6D92-4DB3-BA4D-28B90A3E5731}.Debug|Any CPU.Build.0 = Debug R21|Any CPU
		{FA79180B-6D92-4DB3-BA4D-28B90A3E5731}.Release R21|Any CPU.ActiveCfg = Release R21|Any CPU
		{FA79180B-6D92-4DB3-BA4D-28B90A3E5731}.Release R21|Any CPU.Build.0 = Release R21|Any CPU
		{FA79180B-6D92-4DB3-BA4D-28B90A3E5731}.Release R22|Any CPU.ActiveCfg = Release R22|Any CPU
		{FA79180B-6D92-4DB3-BA4D-28B90A3E5731}.Release R22|Any CPU.Build.0 = Release R22|Any CPU
		{FA79180B-6D92-4DB3-BA4D-28B90A3E5731}.Release R23|Any CPU.ActiveCfg = Release R23|Any CPU
		{FA79180B-6D92-4DB3-BA4D-28B90A3E5731}.Release R23|Any CPU.Build.0 = Release R23|Any CPU
		{FA79180B-6D92-4DB3-BA4D-28B90A3E5731}.Release R24|Any CPU.ActiveCfg = Release R24|Any CPU
		{FA79180B-6D92-4DB3-BA4D-28B90A3E5731}.Release R24|Any CPU.Build.0 = Release R24|Any CPU
		{FA79180B-6D92-4DB3-BA4D-28B90A3E5731}.Release R25|Any CPU.ActiveCfg = Release R25|Any CPU
		{FA79180B-6D92-4DB3-BA4D-28B90A3E5731}.Release R25|Any CPU.Build.0 = Release R25|Any CPU
		{FA79180B-6D92-4DB3-BA4D-28B90A3E5731}.Release R26|Any CPU.ActiveCfg = Release R26|Any CPU
		{FA79180B-6D92-4DB3-BA4D-28B90A3E5731}.Release R26|Any CPU.Build.0 = Release R26|Any CPU
		{FA79180B-6D92-4DB3-BA4D-28B90A3E5731}.Release|Any CPU.ActiveCfg = Release R21|Any CPU
		{FA79180B-6D92-4DB3-BA4D-28B90A3E5731}.Release|Any CPU.Build.0 = Release R21|Any CPU
		{ECDA1ABF-82EF-4A3A-9CD0-A0AE38390E89}.Debug R21|Any CPU.ActiveCfg = Debug R21|Any CPU
		{ECDA1ABF-82EF-4A3A-9CD0-A0AE38390E89}.Debug R21|Any CPU.Build.0 = Debug R21|Any CPU
		{ECDA1ABF-82EF-4A3A-9CD0-A0AE38390E89}.Debug R22|Any CPU.ActiveCfg = Debug R22|Any CPU
		{ECDA1ABF-82EF-4A3A-9CD0-A0AE38390E89}.Debug R22|Any CPU.Build.0 = Debug R22|Any CPU
		{ECDA1ABF-82EF-4A3A-9CD0-A0AE38390E89}.Debug R23|Any CPU.ActiveCfg = Debug R23|Any CPU
		{ECDA1ABF-82EF-4A3A-9CD0-A0AE38390E89}.Debug R23|Any CPU.Build.0 = Debug R23|Any CPU
		{ECDA1ABF-82EF-4A3A-9CD0-A0AE38390E89}.Debug R24|Any CPU.ActiveCfg = Debug R24|Any CPU
		{ECDA1ABF-82EF-4A3A-9CD0-A0AE38390E89}.Debug R24|Any CPU.Build.0 = Debug R24|Any CPU
		{ECDA1ABF-82EF-4A3A-9CD0-A0AE38390E89}.Debug R25|Any CPU.ActiveCfg = Debug R25|Any CPU
		{ECDA1ABF-82EF-4A3A-9CD0-A0AE38390E89}.Debug R25|Any CPU.Build.0 = Debug R25|Any CPU
		{ECDA1ABF-82EF-4A3A-9CD0-A0AE38390E89}.Debug R26|Any CPU.ActiveCfg = Debug R26|Any CPU
		{ECDA1ABF-82EF-4A3A-9CD0-A0AE38390E89}.Debug R26|Any CPU.Build.0 = Debug R26|Any CPU
		{ECDA1ABF-82EF-4A3A-9CD0-A0AE38390E89}.Debug|Any CPU.ActiveCfg = Debug R21|Any CPU
		{ECDA1ABF-82EF-4A3A-9CD0-A0AE38390E89}.Debug|Any CPU.Build.0 = Debug R21|Any CPU
		{ECDA1ABF-82EF-4A3A-9CD0-A0AE38390E89}.Release R21|Any CPU.ActiveCfg = Release R21|Any CPU
		{ECDA1ABF-82EF-4A3A-9CD0-A0AE38390E89}.Release R21|Any CPU.Build.0 = Release R21|Any CPU
		{ECDA1ABF-82EF-4A3A-9CD0-A0AE38390E89}.Release R22|Any CPU.ActiveCfg = Release R22|Any CPU
		{ECDA1ABF-82EF-4A3A-9CD0-A0AE38390E89}.Release R22|Any CPU.Build.0 = Release R22|Any CPU
		{ECDA1ABF-82EF-4A3A-9CD0-A0AE38390E89}.Release R23|Any CPU.ActiveCfg = Release R23|Any CPU
		{ECDA1ABF-82EF-4A3A-9CD0-A0AE38390E89}.Release R23|Any CPU.Build.0 = Release R23|Any CPU
		{ECDA1ABF-82EF-4A3A-9CD0-A0AE38390E89}.Release R24|Any CPU.ActiveCfg = Release R24|Any CPU
		{ECDA1ABF-82EF-4A3A-9CD0-A0AE38390E89}.Release R24|Any CPU.Build.0 = Release R24|Any CPU
		{ECDA1ABF-82EF-4A3A-9CD0-A0AE38390E89}.Release R25|Any CPU.ActiveCfg = Release R25|Any CPU
		{ECDA1ABF-82EF-4A3A-9CD0-A0AE38390E89}.Release R25|Any CPU.Build.0 = Release R25|Any CPU
		{ECDA1ABF-82EF-4A3A-9CD0-A0AE38390E89}.Release R26|Any CPU.ActiveCfg = Release R26|Any CPU
		{ECDA1ABF-82EF-4A3A-9CD0-A0AE38390E89}.Release R26|Any CPU.Build.0 = Release R26|Any CPU
		{ECDA1ABF-82EF-4A3A-9CD0-A0AE38390E89}.Release|Any CPU.ActiveCfg = Release R21|Any CPU
		{ECDA1ABF-82EF-4A3A-9CD0-A0AE38390E89}.Release|Any CPU.Build.0 = Release R21|Any CPU
		{69525889-E314-470F-899A-F20E5BB88B2A}.Debug R21|Any CPU.ActiveCfg = Debug R21|Any CPU
		{69525889-E314-470F-899A-F20E5BB88B2A}.Debug R21|Any CPU.Build.0 = Debug R21|Any CPU
		{69525889-E314-470F-899A-F20E5BB88B2A}.Debug R22|Any CPU.ActiveCfg = Debug R22|Any CPU
		{69525889-E314-470F-899A-F20E5BB88B2A}.Debug R22|Any CPU.Build.0 = Debug R22|Any CPU
		{69525889-E314-470F-899A-F20E5BB88B2A}.Debug R23|Any CPU.ActiveCfg = Debug R23|Any CPU
		{69525889-E314-470F-899A-F20E5BB88B2A}.Debug R23|Any CPU.Build.0 = Debug R23|Any CPU
		{69525889-E314-470F-899A-F20E5BB88B2A}.Debug R24|Any CPU.ActiveCfg = Debug R24|Any CPU
		{69525889-E314-470F-899A-F20E5BB88B2A}.Debug R24|Any CPU.Build.0 = Debug R24|Any CPU
		{69525889-E314-470F-899A-F20E5BB88B2A}.Debug R25|Any CPU.ActiveCfg = Debug R25|Any CPU
		{69525889-E314-470F-899A-F20E5BB88B2A}.Debug R25|Any CPU.Build.0 = Debug R25|Any CPU
		{69525889-E314-470F-899A-F20E5BB88B2A}.Debug R26|Any CPU.ActiveCfg = Debug R26|Any CPU
		{69525889-E314-470F-899A-F20E5BB88B2A}.Debug R26|Any CPU.Build.0 = Debug R26|Any CPU
		{69525889-E314-470F-899A-F20E5BB88B2A}.Debug|Any CPU.ActiveCfg = Debug R21|Any CPU
		{69525889-E314-470F-899A-F20E5BB88B2A}.Debug|Any CPU.Build.0 = Debug R21|Any CPU
		{69525889-E314-470F-899A-F20E5BB88B2A}.Release R21|Any CPU.ActiveCfg = Release R21|Any CPU
		{69525889-E314-470F-899A-F20E5BB88B2A}.Release R21|Any CPU.Build.0 = Release R21|Any CPU
		{69525889-E314-470F-899A-F20E5BB88B2A}.Release R22|Any CPU.ActiveCfg = Release R22|Any CPU
		{69525889-E314-470F-899A-F20E5BB88B2A}.Release R22|Any CPU.Build.0 = Release R22|Any CPU
		{69525889-E314-470F-899A-F20E5BB88B2A}.Release R23|Any CPU.ActiveCfg = Release R23|Any CPU
		{69525889-E314-470F-899A-F20E5BB88B2A}.Release R23|Any CPU.Build.0 = Release R23|Any CPU
		{69525889-E314-470F-899A-F20E5BB88B2A}.Release R24|Any CPU.ActiveCfg = Release R24|Any CPU
		{69525889-E314-470F-899A-F20E5BB88B2A}.Release R24|Any CPU.Build.0 = Release R24|Any CPU
		{69525889-E314-470F-899A-F20E5BB88B2A}.Release R25|Any CPU.ActiveCfg = Release R25|Any CPU
		{69525889-E314-470F-899A-F20E5BB88B2A}.Release R25|Any CPU.Build.0 = Release R25|Any CPU
		{69525889-E314-470F-899A-F20E5BB88B2A}.Release R26|Any CPU.ActiveCfg = Release R26|Any CPU
		{69525889-E314-470F-899A-F20E5BB88B2A}.Release R26|Any CPU.Build.0 = Release R26|Any CPU
		{69525889-E314-470F-899A-F20E5BB88B2A}.Release|Any CPU.ActiveCfg = Release R21|Any CPU
		{69525889-E314-470F-899A-F20E5BB88B2A}.Release|Any CPU.Build.0 = Release R21|Any CPU
		{0BA8F7A4-DE98-45A3-AB97-1F6DCD057747}.Debug R21|Any CPU.ActiveCfg = Debug R21|Any CPU
		{0BA8F7A4-DE98-45A3-AB97-1F6DCD057747}.Debug R21|Any CPU.Build.0 = Debug R21|Any CPU
		{0BA8F7A4-DE98-45A3-AB97-1F6DCD057747}.Debug R22|Any CPU.ActiveCfg = Debug R22|Any CPU
		{0BA8F7A4-DE98-45A3-AB97-1F6DCD057747}.Debug R22|Any CPU.Build.0 = Debug R22|Any CPU
		{0BA8F7A4-DE98-45A3-AB97-1F6DCD057747}.Debug R23|Any CPU.ActiveCfg = Debug R23|Any CPU
		{0BA8F7A4-DE98-45A3-AB97-1F6DCD057747}.Debug R23|Any CPU.Build.0 = Debug R23|Any CPU
		{0BA8F7A4-DE98-45A3-AB97-1F6DCD057747}.Debug R24|Any CPU.ActiveCfg = Debug R24|Any CPU
		{0BA8F7A4-DE98-45A3-AB97-1F6DCD057747}.Debug R24|Any CPU.Build.0 = Debug R24|Any CPU
		{0BA8F7A4-DE98-45A3-AB97-1F6DCD057747}.Debug R25|Any CPU.ActiveCfg = Debug R25|Any CPU
		{0BA8F7A4-DE98-45A3-AB97-1F6DCD057747}.Debug R25|Any CPU.Build.0 = Debug R25|Any CPU
		{0BA8F7A4-DE98-45A3-AB97-1F6DCD057747}.Debug R26|Any CPU.ActiveCfg = Debug R26|Any CPU
		{0BA8F7A4-DE98-45A3-AB97-1F6DCD057747}.Debug R26|Any CPU.Build.0 = Debug R26|Any CPU
		{0BA8F7A4-DE98-45A3-AB97-1F6DCD057747}.Debug|Any CPU.ActiveCfg = Debug R21|Any CPU
		{0BA8F7A4-DE98-45A3-AB97-1F6DCD057747}.Debug|Any CPU.Build.0 = Debug R21|Any CPU
		{0BA8F7A4-DE98-45A3-AB97-1F6DCD057747}.Release R21|Any CPU.ActiveCfg = Release R21|Any CPU
		{0BA8F7A4-DE98-45A3-AB97-1F6DCD057747}.Release R21|Any CPU.Build.0 = Release R21|Any CPU
		{0BA8F7A4-DE98-45A3-AB97-1F6DCD057747}.Release R22|Any CPU.ActiveCfg = Release R22|Any CPU
		{0BA8F7A4-DE98-45A3-AB97-1F6DCD057747}.Release R22|Any CPU.Build.0 = Release R22|Any CPU
		{0BA8F7A4-DE98-45A3-AB97-1F6DCD057747}.Release R23|Any CPU.ActiveCfg = Release R23|Any CPU
		{0BA8F7A4-DE98-45A3-AB97-1F6DCD057747}.Release R23|Any CPU.Build.0 = Release R23|Any CPU
		{0BA8F7A4-DE98-45A3-AB97-1F6DCD057747}.Release R24|Any CPU.ActiveCfg = Release R24|Any CPU
		{0BA8F7A4-DE98-45A3-AB97-1F6DCD057747}.Release R24|Any CPU.Build.0 = Release R24|Any CPU
		{0BA8F7A4-DE98-45A3-AB97-1F6DCD057747}.Release R25|Any CPU.ActiveCfg = Release R25|Any CPU
		{0BA8F7A4-DE98-45A3-AB97-1F6DCD057747}.Release R25|Any CPU.Build.0 = Release R25|Any CPU
		{0BA8F7A4-DE98-45A3-AB97-1F6DCD057747}.Release R26|Any CPU.ActiveCfg = Release R26|Any CPU
		{0BA8F7A4-DE98-45A3-AB97-1F6DCD057747}.Release R26|Any CPU.Build.0 = Release R26|Any CPU
		{0BA8F7A4-DE98-45A3-AB97-1F6DCD057747}.Release|Any CPU.ActiveCfg = Release R21|Any CPU
		{0BA8F7A4-DE98-45A3-AB97-1F6DCD057747}.Release|Any CPU.Build.0 = Release R21|Any CPU
	EndGlobalSection
	GlobalSection(SolutionProperties) = preSolution
		HideSolutionNode = FALSE
	EndGlobalSection
	GlobalSection(NestedProjects) = preSolution
		{92384D85-D5A2-4854-9DD5-5A160EE57709} = {C364AC74-B65F-4ADF-BA5B-B722BEFB6630}
		{DD734D3A-752F-4BC1-BE5C-53956E786973} = {C364AC74-B65F-4ADF-BA5B-B722BEFB6630}
	EndGlobalSection
	GlobalSection(ExtensibilityGlobals) = postSolution
		SolutionGuid = {B4E922EE-0A2A-4AF5-A1FB-ACCDD1E4D5E7}
	EndGlobalSection
EndGlobal
